# This file is automatically @generated by Poetry 1.7.1 and should not be changed by hand.

[[package]]
name = "polars"
version = "0.20.6"
description = "Blazingly fast DataFrame library"
optional = false
python-versions = ">=3.8"
files = [
    {file = "polars-0.20.6-cp38-abi3-macosx_10_12_x86_64.whl", hash = "sha256:59845bae0b614b3291baa889cfc2a251e1024129696bb655596f2b5556e9f9a1"},
    {file = "polars-0.20.6-cp38-abi3-macosx_11_0_arm64.whl", hash = "sha256:9e86736f68440bf97a9100fa0a79ae7ce616d1af6fd4669fff1345f03aab14c0"},
    {file = "polars-0.20.6-cp38-abi3-manylinux_2_17_x86_64.manylinux2014_x86_64.whl", hash = "sha256:e4f4e3335fdcc863f6aac0616510b1baa5e13d5e818ebbfcb980ad534bd6edc2"},
    {file = "polars-0.20.6-cp38-abi3-manylinux_2_24_aarch64.whl", hash = "sha256:7c7b494beea914a54bcae8868dee3988a88ecb48525df948e07aacf2fb83e711"},
    {file = "polars-0.20.6-cp38-abi3-win_amd64.whl", hash = "sha256:a96b157d68697c8d6ef2f7c2cc1734d498c3c6cc0c9c18d4fff7283ccfabdd1d"},
    {file = "polars-0.20.6.tar.gz", hash = "sha256:b53553308bc7e2b4f841b18f1949b61ed7f2cf155c5c64712298efa5af67a997"},
]

[package.extras]
adbc = ["adbc_driver_sqlite"]
all = ["polars[adbc,cloudpickle,connectorx,deltalake,fsspec,gevent,numpy,pandas,plot,pyarrow,pydantic,pyiceberg,sqlalchemy,timezone,xlsx2csv,xlsxwriter]"]
cloudpickle = ["cloudpickle"]
connectorx = ["connectorx (>=0.3.2)"]
deltalake = ["deltalake (>=0.14.0)"]
fsspec = ["fsspec"]
gevent = ["gevent"]
matplotlib = ["matplotlib"]
numpy = ["numpy (>=1.16.0)"]
openpyxl = ["openpyxl (>=3.0.0)"]
pandas = ["pandas", "pyarrow (>=7.0.0)"]
plot = ["hvplot (>=0.9.1)"]
pyarrow = ["pyarrow (>=7.0.0)"]
pydantic = ["pydantic"]
pyiceberg = ["pyiceberg (>=0.5.0)"]
pyxlsb = ["pyxlsb (>=1.0)"]
sqlalchemy = ["pandas", "sqlalchemy"]
timezone = ["backports.zoneinfo", "tzdata"]
xlsx2csv = ["xlsx2csv (>=0.8.0)"]
xlsxwriter = ["xlsxwriter"]

[metadata]
lock-version = "2.0"
python-versions = "^3.11"
content-hash = "7a16b0b131772393029bbf06fa9c0a8fb45fade023c0de02da3c844e8c8b905a"
